
Microsoft Visual Studio Solution File, Format Version 12.00
# Visual Studio 2013
VisualStudioVersion = 12.0.21005.1
MinimumVisualStudioVersion = 10.0.40219.1
Project("{FAE04EC0-301F-11D3-BF4B-00C04F79EFBC}") = "Entidades", "Entidades\Entidades.csproj", "{A1778F3F-65BF-4866-8F53-F054CB888F72}"
EndProject
Project("{FAE04EC0-301F-11D3-BF4B-00C04F79EFBC}") = "WindowsFormsApplication1", "WindowsFormsApplication1\WindowsFormsApplication1.csproj", "{9931CAB0-808F-403E-8978-7B1313C36AC9}"
EndProject
Project("{FAE04EC0-301F-11D3-BF4B-00C04F79EFBC}") = "TestUnitario", "TestUnitario\TestUnitario.csproj", "{E12A8F2C-C908-4EBD-862F-CFC29C9A1E8E}"
EndProject
Global
	GlobalSection(SolutionConfigurationPlatforms) = preSolution
		Debug|Any CPU = Debug|Any CPU
		Release|Any CPU = Release|Any CPU
	EndGlobalSection
	GlobalSection(ProjectConfigurationPlatforms) = postSolution
		{A1778F3F-65BF-4866-8F53-F054CB888F72}.Debug|Any CPU.ActiveCfg = Debug|Any CPU
		{A1778F3F-65BF-4866-8F53-F054CB888F72}.Debug|Any CPU.Build.0 = Debug|Any CPU
		{A1778F3F-65BF-4866-8F53-F054CB888F72}.Release|Any CPU.ActiveCfg = Release|Any CPU
		{A1778F3F-65BF-4866-8F53-F054CB888F72}.Release|Any CPU.Build.0 = Release|Any CPU
		{9931CAB0-808F-403E-8978-7B1313C36AC9}.Debug|Any CPU.ActiveCfg = Debug|Any CPU
		{9931CAB0-808F-403E-8978-7B1313C36AC9}.Debug|Any CPU.Build.0 = Debug|Any CPU
		{9931CAB0-808F-403E-8978-7B1313C36AC9}.Release|Any CPU.ActiveCfg = Release|Any CPU
		{9931CAB0-808F-403E-8978-7B1313C36AC9}.Release|Any CPU.Build.0 = Release|Any CPU
		{E12A8F2C-C908-4EBD-862F-CFC29C9A1E8E}.Debug|Any CPU.ActiveCfg = Debug|Any CPU
		{E12A8F2C-C908-4EBD-862F-CFC29C9A1E8E}.Debug|Any CPU.Build.0 = Debug|Any CPU
		{E12A8F2C-C908-4EBD-862F-CFC29C9A1E8E}.Release|Any CPU.ActiveCfg = Release|Any CPU
		{E12A8F2C-C908-4EBD-862F-CFC29C9A1E8E}.Release|Any CPU.Build.0 = Release|Any CPU
	EndGlobalSection
	GlobalSection(SolutionProperties) = preSolution
		HideSolutionNode = FALSE
	EndGlobalSection
EndGlobal
